
Microsoft Visual Studio Solution File, Format Version 12.00
# Visual Studio Version 16
VisualStudioVersion = 16.0.31025.194
MinimumVisualStudioVersion = 10.0.40219.1
Project("{9A19103F-16F7-4668-BE54-9A1E7A4F7556}") = "WPFUI", "WPFUI.csproj", "{7480AE2D-B7AE-4388-A8C8-8FD7DDFB733D}"
EndProject
Project("{9A19103F-16F7-4668-BE54-9A1E7A4F7556}") = "Engine", "Engine\Engine.csproj", "{F9F57A77-8576-4CF4-B0DB-B57E2389D735}"
EndProject
Global
	GlobalSection(SolutionConfigurationPlatforms) = preSolution
		Debug|Any CPU = Debug|Any CPU
		Release|Any CPU = Release|Any CPU
	EndGlobalSection
	GlobalSection(ProjectConfigurationPlatforms) = postSolution
		{7480AE2D-B7AE-4388-A8C8-8FD7DDFB733D}.Debug|Any CPU.ActiveCfg = Debug|Any CPU
		{7480AE2D-B7AE-4388-A8C8-8FD7DDFB733D}.Debug|Any CPU.Build.0 = Debug|Any CPU
		{7480AE2D-B7AE-4388-A8C8-8FD7DDFB733D}.Release|Any CPU.ActiveCfg = Release|Any CPU
		{7480AE2D-B7AE-4388-A8C8-8FD7DDFB733D}.Release|Any CPU.Build.0 = Release|Any CPU
		{F9F57A77-8576-4CF4-B0DB-B57E2389D735}.Debug|Any CPU.ActiveCfg = Debug|Any CPU
		{F9F57A77-8576-4CF4-B0DB-B57E2389D735}.Debug|Any CPU.Build.0 = Debug|Any CPU
		{F9F57A77-8576-4CF4-B0DB-B57E2389D735}.Release|Any CPU.ActiveCfg = Release|Any CPU
		{F9F57A77-8576-4CF4-B0DB-B57E2389D735}.Release|Any CPU.Build.0 = Release|Any CPU
	EndGlobalSection
	GlobalSection(SolutionProperties) = preSolution
		HideSolutionNode = FALSE
	EndGlobalSection
	GlobalSection(ExtensibilityGlobals) = postSolution
		SolutionGuid = {1FAE320A-E851-46FB-B78A-C27EC2E1275E}
		VisualSVNWorkingCopyRoot = .
	EndGlobalSection
EndGlobal
